
Microsoft Visual Studio Solution File, Format Version 12.00
# Visual Studio Version 17
VisualStudioVersion = 17.7.34003.232
MinimumVisualStudioVersion = 10.0.40219.1
Project("{9A19103F-16F7-4668-BE54-9A1E7A4F7556}") = "Thuchanh_1", "Thuchanh_1.csproj", "{D11396B6-5F4D-4A81-BE27-FF96A3B2449A}"
EndProject
Global
	GlobalSection(SolutionConfigurationPlatforms) = preSolution
		Debug|Any CPU = Debug|Any CPU
		Release|Any CPU = Release|Any CPU
	EndGlobalSection
	GlobalSection(ProjectConfigurationPlatforms) = postSolution
		{D11396B6-5F4D-4A81-BE27-FF96A3B2449A}.Debug|Any CPU.ActiveCfg = Debug|Any CPU
		{D11396B6-5F4D-4A81-BE27-FF96A3B2449A}.Debug|Any CPU.Build.0 = Debug|Any CPU
		{D11396B6-5F4D-4A81-BE27-FF96A3B2449A}.Release|Any CPU.ActiveCfg = Release|Any CPU
		{D11396B6-5F4D-4A81-BE27-FF96A3B2449A}.Release|Any CPU.Build.0 = Release|Any CPU
	EndGlobalSection
	GlobalSection(SolutionProperties) = preSolution
		HideSolutionNode = FALSE
	EndGlobalSection
	GlobalSection(ExtensibilityGlobals) = postSolution
		SolutionGuid = {A0543900-960F-4BD4-979B-B82CC38A7EE6}
	EndGlobalSection
EndGlobal
